# THIS IS AN AUTOGENERATED FILE. DO NOT EDIT THIS FILE DIRECTLY.
# yarn lockfile v1


ajv@^6.5.4:
  version "6.10.0"
  resolved "https://registry.yarnpkg.com/ajv/-/ajv-6.10.0.tgz#90d0d54439da587cd7e843bfb7045f50bd22bdf1"
  integrity sha512-nffhOpkymDECQyR0mnsUtoCE8RlX38G0rYP+wgLWFyZuUyuuojSSvi/+euOiQBIn63whYwYVIIH1TvE3tu4OEg==
  dependencies:
    fast-deep-equal "^2.0.1"
    fast-json-stable-stringify "^2.0.0"
    json-schema-traverse "^0.4.1"
    uri-js "^4.2.2"

asn1@0.2.3:
  version "0.2.3"
  resolved "https://registry.yarnpkg.com/asn1/-/asn1-0.2.3.tgz#dac8787713c9966849fc8180777ebe9c1ddf3b86"
  integrity sha1-2sh4dxPJlmhJ/IGAd36+nB3fO4Y=

buffer-equal@^1.0.0:
  version "1.0.0"
  resolved "https://registry.yarnpkg.com/buffer-equal/-/buffer-equal-1.0.0.tgz#59616b498304d556abd466966b22eeda3eca5fbe"
  integrity sha1-WWFrSYME1Var1GaWayLu2j7KX74=

debug@^4.1.0:
  version "4.3.4"
  resolved "https://registry.yarnpkg.com/debug/-/debug-4.3.4.tgz#1319f6579357f2338d3337d2cdd4914bb5dcc865"
  integrity sha512-PRWFHuSU3eDtQJPvnNY7Jcket1j0t5OuOsFzPPzsekD52Zl8qUfFIPEiswXqIvHWGVHOgX+7G/vCNNhehwxfkQ==
  dependencies:
    ms "2.1.2"

endian-toggle@^0.0.0:
  version "0.0.0"
  resolved "https://registry.yarnpkg.com/endian-toggle/-/endian-toggle-0.0.0.tgz#e5cc7578b1032d6ee01eafcd73765db0db4dc0a6"
  integrity sha1-5cx1eLEDLW7gHq/Nc3ZdsNtNwKY=

fast-deep-equal@^2.0.1:
  version "2.0.1"
  resolved "https://registry.yarnpkg.com/fast-deep-equal/-/fast-deep-equal-2.0.1.tgz#7b05218ddf9667bf7f370bf7fdb2cb15fdd0aa49"
  integrity sha1-ewUhjd+WZ79/Nwv3/bLLFf3Qqkk=

fast-json-stable-stringify@^2.0.0:
  version "2.0.0"
  resolved "https://registry.yarnpkg.com/fast-json-stable-stringify/-/fast-json-stable-stringify-2.0.0.tgz#d5142c0caee6b1189f87d3a76111064f86c8bbf2"
  integrity sha1-1RQsDK7msRifh9OnYREGT4bIu/I=

inherits@^2.0.3:
  version "2.0.4"
  resolved "https://registry.yarnpkg.com/inherits/-/inherits-2.0.4.tgz#0fa2c64f932917c3433a0ded55363aae37416b7c"
  integrity sha512-k/vGaX4/Yla3WzyMCvTQOXYeIHvqOKtnqBduzTHpzpQZzAskKMhZ2K+EnBiSM9zGSoIFeMpXKxa4dYeZIQqewQ==

json-schema-traverse@^0.4.1:
  version "0.4.1"
  resolved "https://registry.yarnpkg.com/json-schema-traverse/-/json-schema-traverse-0.4.1.tgz#69f6a87d9513ab8bb8fe63bdb0979c448e684660"
  integrity sha512-xbbCH5dCYU5T8LcEhhuh7HJ88HXuW3qsI3Y0zOZFKfZEHcpWiHU/Jxzk629Brsab/mMiHQti9wMP+845RPe3Vg==

lodash.get@^4.1.2, lodash.get@^4.4.2:
  version "4.4.2"
  resolved "https://registry.yarnpkg.com/lodash.get/-/lodash.get-4.4.2.tgz#2d177f652fa31e939b4438d5341499dfa3825e99"
  integrity sha1-LRd/ZS+jHpObRDjVNBSZ36OCXpk=

lodash.merge@^4.3.0:
  version "4.6.2"
  resolved "https://registry.yarnpkg.com/lodash.merge/-/lodash.merge-4.6.2.tgz#558aa53b43b661e1925a0afdfa36a9a1085fe57a"
  integrity sha512-0KpjqXRVvrYyCsX1swR/XTK0va6VQkQM6MNo7PqW77ByjAhoARA8EfrP1N4+KlKj8YS0ZUCtRT/YUuhyYDujIQ==

lodash.reduce@^4.6.0:
  version "4.6.0"
  resolved "https://registry.yarnpkg.com/lodash.reduce/-/lodash.reduce-4.6.0.tgz#f1ab6b839299ad48f784abbf476596f03b914d3b"
  integrity sha1-8atrg5KZrUj3hKu/R2WW8DuRTTs=

macaddress@^0.2.9:
  version "0.2.9"
  resolved "https://registry.yarnpkg.com/macaddress/-/macaddress-0.2.9.tgz#3579b8b9acd5b96b4553abf0f394185a86813cb3"
  integrity sha512-k4F1JUof6cQXxNFzx3thLby4oJzXTXQueAOOts944Vqizn+Rjc2QNFenT9FJSLU1CH3PmrHRSyZs2E+Cqw+P2w==

minecraft-data@^2.37.3:
  version "2.37.5"
  resolved "https://registry.yarnpkg.com/minecraft-data/-/minecraft-data-2.37.5.tgz#64cc53192505f3e9465a091bc18476ee7947eb61"
  integrity sha512-0OGbSo4pY0i3pDoMHpgpA7nfxKnb4D0pDT/1s8VAIUfJBqIYQrRdkKhaGKkOtALw76NjkjurqRET4fJ5DIp/xA==

minecraft-protocol@^1.9.0:
  version "1.9.0"
  resolved "https://registry.yarnpkg.com/minecraft-protocol/-/minecraft-protocol-1.9.0.tgz#b9291abbb0172f0623f42d8132ee8e2ea239b835"
  integrity sha512-0lmoNB7d7y18BB2VOwmDZwD7llfUTBqmq0FrJ9FgxVyAinVACs5Mg+YqHOyGyl/38YS3ulfltMGTvopJaDbsJw==
  dependencies:
    buffer-equal "^1.0.0"
    debug "^4.1.0"
    endian-toggle "^0.0.0"
    lodash.get "^4.1.2"
    lodash.merge "^4.3.0"
    minecraft-data "^2.37.3"
    node-rsa "^0.4.2"
    prismarine-nbt "^1.2.1"
    protodef "^1.6.7"
    readable-stream "^3.0.6"
    uuid-1345 "^0.99.6"
    yggdrasil "^1.1.1"

ms@2.1.2:
  version "2.1.2"
  resolved "https://registry.yarnpkg.com/ms/-/ms-2.1.2.tgz#d09d1f357b443f493382a8eb3ccd183872ae6009"
  integrity sha512-sGkPx+VjMtmA6MX27oA4FBFELFCZZ4S4XqeGOXCv68tT+jb3vk/RyaKWP0PTKyWtmLSM0b+adUTEvbs1PEaH2w==

node-rsa@^0.4.2:
  version "0.4.2"
  resolved "https://registry.yarnpkg.com/node-rsa/-/node-rsa-0.4.2.tgz#d6391729ec16a830ed5a38042b3157d2d5d72530"
  integrity sha1-1jkXKewWqDDtWjgEKzFX0tXXJTA=
  dependencies:
    asn1 "0.2.3"

phin@^2.2.1:
  version "2.9.3"
  resolved "https://registry.yarnpkg.com/phin/-/phin-2.9.3.tgz#f9b6ac10a035636fb65dfc576aaaa17b8743125c"
  integrity sha512-CzFr90qM24ju5f88quFC/6qohjC144rehe5n6DH900lgXmUe86+xCKc10ev56gRKC4/BkHUoG4uSiQgBiIXwDA==

prismarine-nbt@^1.2.1:
  version "1.2.1"
  resolved "https://registry.yarnpkg.com/prismarine-nbt/-/prismarine-nbt-1.2.1.tgz#4b0e50e538a4676ee259ae0588120360ab39110d"
  integrity sha512-E2bBd2XzmcynT67zrkucgrC2MIgjmUtUathJ9sfjTswT+ou+7kbHbbLHO3nHLb6TKGiWFH79OfUmBTHJFULpbw==
  dependencies:
    protodef "^1.2.1"

properties@^1.2.1:
  version "1.2.1"
  resolved "https://registry.yarnpkg.com/properties/-/properties-1.2.1.tgz#0ee97a7fc020b1a2a55b8659eda4aa8d869094bd"
  integrity sha1-Dul6f8AgsaKlW4ZZ7aSqjYaQlL0=

protodef-validator@^1.2.2:
  version "1.2.2"
  resolved "https://registry.yarnpkg.com/protodef-validator/-/protodef-validator-1.2.2.tgz#68fae789170e60c5a0a72686f56daee8f791f659"
  integrity sha512-EnfcF1v/FGPtkwQr6SAbCM+9IoMCXlhtUVQKgeavUXoJ4FLNk3dZ0jIg/KDnTmaVgvDdHXhg1foH/qTae9vfhw==
  dependencies:
    ajv "^6.5.4"

protodef@^1.2.1, protodef@^1.6.7:
  version "1.6.9"
  resolved "https://registry.yarnpkg.com/protodef/-/protodef-1.6.9.tgz#3e913264757e1cf8489589552ec04263a44401f2"
  integrity sha512-evAmLjdHgQ3B+wYyCgEijQxSBW049psaXCQlvg6PeJGhgTGEcMrn3M7idHbYvpGNKVIqwnIx8dpFpz1CJNm1wQ==
  dependencies:
    lodash.get "^4.4.2"
    lodash.reduce "^4.6.0"
    protodef-validator "^1.2.2"
    readable-stream "^3.0.3"

punycode@^2.1.0:
  version "2.1.1"
  resolved "https://registry.yarnpkg.com/punycode/-/punycode-2.1.1.tgz#b58b010ac40c22c5657616c8d2c2c02c7bf479ec"
  integrity sha512-XRsRjdf+j5ml+y/6GKHPZbrF/8p2Yga0JPtdqTIY2Xe5ohJPD9saDJJLPvp9+NSBprVvevdXZybnj2cv8OEd0A==

readable-stream@^3.0.3, readable-stream@^3.0.6:
  version "3.4.0"
  resolved "https://registry.yarnpkg.com/readable-stream/-/readable-stream-3.4.0.tgz#a51c26754658e0a3c21dbf59163bd45ba6f447fc"
  integrity sha512-jItXPLmrSR8jmTRmRWJXCnGJsfy85mB3Wd/uINMXA65yrnFo0cPClFIUWzo2najVNSl+mx7/4W8ttlLWJe99pQ==
  dependencies:
    inherits "^2.0.3"
    string_decoder "^1.1.1"
    util-deprecate "^1.0.1"

safe-buffer@~5.1.0:
  version "5.1.2"
  resolved "https://registry.yarnpkg.com/safe-buffer/-/safe-buffer-5.1.2.tgz#991ec69d296e0313747d59bdfd2b745c35f8828d"
  integrity sha512-Gd2UZBJDkXlY7GbJxfsE8/nvKkUEU1G38c1siN6QP6a9PT9MmHB8GnpscSmMJSoF8LOIrt8ud/wPtojys4G6+g==

string_decoder@^1.1.1:
  version "1.2.0"
  resolved "https://registry.yarnpkg.com/string_decoder/-/string_decoder-1.2.0.tgz#fe86e738b19544afe70469243b2a1ee9240eae8d"
  integrity sha512-6YqyX6ZWEYguAxgZzHGL7SsCeGx3V2TtOTqZz1xSTSWnqsbWwbptafNyvf/ACquZUXV3DANr5BDIwNYe1mN42w==
  dependencies:
    safe-buffer "~5.1.0"

uri-js@^4.2.2:
  version "4.2.2"
  resolved "https://registry.yarnpkg.com/uri-js/-/uri-js-4.2.2.tgz#94c540e1ff772956e2299507c010aea6c8838eb0"
  integrity sha512-KY9Frmirql91X2Qgjry0Wd4Y+YTdrdZheS8TFwvkbLWf/G5KNJDCh6pKL5OZctEW4+0Baa5idK2ZQuELRwPznQ==
  dependencies:
    punycode "^2.1.0"

util-deprecate@^1.0.1:
  version "1.0.2"
  resolved "https://registry.yarnpkg.com/util-deprecate/-/util-deprecate-1.0.2.tgz#450d4dc9fa70de732762fbd2d4a28981419a0ccf"
  integrity sha1-RQ1Nyfpw3nMnYvvS1KKJgUGaDM8=

uuid-1345@^0.99.6:
  version "0.99.7"
  resolved "https://registry.yarnpkg.com/uuid-1345/-/uuid-1345-0.99.7.tgz#e52845074352feaae72ce7b31ae1f53b486ceea1"
  integrity sha512-A70cwvqH95zULri1/t00/r6Bd97hKpNvS9SoSLP9Bupn95sX/01JkOuH9YjJrmNul7ZAjyX3Y3ZMlDrCjuoNPQ==
  dependencies:
    macaddress "^0.2.9"

uuid@^3.1.0:
  version "3.3.2"
  resolved "https://registry.yarnpkg.com/uuid/-/uuid-3.3.2.tgz#1b4af4955eb3077c501c23872fc6513811587131"
  integrity sha512-yXJmeNaw3DnnKAOKJE51sL/ZaYfWJRl1pK9dr19YFCu0ObS231AB1/LbqTKRAQ5kw8A90rA6fr4riOUpTZvQZA==

yggdrasil@^1.1.1:
  version "1.1.1"
  resolved "https://registry.yarnpkg.com/yggdrasil/-/yggdrasil-1.1.1.tgz#75b3488df6b2af49009a8857f3e5dceee0c3a5e4"
  integrity sha1-dbNIjfayr0kAmohX8+Xc7uDDpeQ=
  dependencies:
    phin "^2.2.1"
    uuid "^3.1.0"
